
Microsoft Visual Studio Solution File, Format Version 12.00
# Visual Studio Version 17
VisualStudioVersion = 17.3.32819.101
MinimumVisualStudioVersion = 10.0.40219.1
Project("{FAE04EC0-301F-11D3-BF4B-00C04F79EFBC}") = "Uppgift6.3", "Uppgift6.3\Uppgift6.3.csproj", "{1C6A9F8A-1D72-41EA-B0E1-F9CE2FC72D22}"
EndProject
Global
	GlobalSection(SolutionConfigurationPlatforms) = preSolution
		Debug|Any CPU = Debug|Any CPU
		Release|Any CPU = Release|Any CPU
	EndGlobalSection
	GlobalSection(ProjectConfigurationPlatforms) = postSolution
		{1C6A9F8A-1D72-41EA-B0E1-F9CE2FC72D22}.Debug|Any CPU.ActiveCfg = Debug|Any CPU
		{1C6A9F8A-1D72-41EA-B0E1-F9CE2FC72D22}.Debug|Any CPU.Build.0 = Debug|Any CPU
		{1C6A9F8A-1D72-41EA-B0E1-F9CE2FC72D22}.Release|Any CPU.ActiveCfg = Release|Any CPU
		{1C6A9F8A-1D72-41EA-B0E1-F9CE2FC72D22}.Release|Any CPU.Build.0 = Release|Any CPU
	EndGlobalSection
	GlobalSection(SolutionProperties) = preSolution
		HideSolutionNode = FALSE
	EndGlobalSection
	GlobalSection(ExtensibilityGlobals) = postSolution
		SolutionGuid = {18906542-98FD-4AAF-B7AE-ADCCF526D84C}
	EndGlobalSection
EndGlobal
